
Microsoft Visual Studio Solution File, Format Version 12.00
# Visual Studio Version 16
VisualStudioVersion = 16.0.29020.237
MinimumVisualStudioVersion = 10.0.40219.1
Project("{2150E333-8FDC-42A3-9474-1A3956D46DE8}") = "src", "src", "{8610337E-AAD4-4512-9D9F-75C9254B2152}"
EndProject
Project("{9A19103F-16F7-4668-BE54-9A1E7A4F7556}") = "Cake.GitLabAPICI", "src\Cake.GitLabAPICI\Cake.GitLabAPICI.csproj", "{530CE9B8-71E1-4701-A937-475E5A107D63}"
EndProject
Global
	GlobalSection(SolutionConfigurationPlatforms) = preSolution
		Debug|Any CPU = Debug|Any CPU
		Release|Any CPU = Release|Any CPU
	EndGlobalSection
	GlobalSection(ProjectConfigurationPlatforms) = postSolution
		{530CE9B8-71E1-4701-A937-475E5A107D63}.Debug|Any CPU.ActiveCfg = Debug|Any CPU
		{530CE9B8-71E1-4701-A937-475E5A107D63}.Debug|Any CPU.Build.0 = Debug|Any CPU
		{530CE9B8-71E1-4701-A937-475E5A107D63}.Release|Any CPU.ActiveCfg = Release|Any CPU
		{530CE9B8-71E1-4701-A937-475E5A107D63}.Release|Any CPU.Build.0 = Release|Any CPU
	EndGlobalSection
	GlobalSection(SolutionProperties) = preSolution
		HideSolutionNode = FALSE
	EndGlobalSection
	GlobalSection(NestedProjects) = preSolution
		{530CE9B8-71E1-4701-A937-475E5A107D63} = {8610337E-AAD4-4512-9D9F-75C9254B2152}
	EndGlobalSection
	GlobalSection(ExtensibilityGlobals) = postSolution
		SolutionGuid = {9EAC11E5-E1EF-4357-9E53-387C1D684FD5}
	EndGlobalSection
EndGlobal
